
Microsoft Visual Studio Solution File, Format Version 12.00
# Visual Studio Version 17
VisualStudioVersion = 17.9.34714.143
MinimumVisualStudioVersion = 10.0.40219.1
Project("{FAE04EC0-301F-11D3-BF4B-00C04F79EFBC}") = "lab 2 sem 3", "lab 2 sem 3\lab 2 sem 3.csproj", "{A0AC06E4-1DE4-438E-A547-CA7A701ED547}"
EndProject
Global
	GlobalSection(SolutionConfigurationPlatforms) = preSolution
		Debug|Any CPU = Debug|Any CPU
		Release|Any CPU = Release|Any CPU
	EndGlobalSection
	GlobalSection(ProjectConfigurationPlatforms) = postSolution
		{A0AC06E4-1DE4-438E-A547-CA7A701ED547}.Debug|Any CPU.ActiveCfg = Debug|Any CPU
		{A0AC06E4-1DE4-438E-A547-CA7A701ED547}.Debug|Any CPU.Build.0 = Debug|Any CPU
		{A0AC06E4-1DE4-438E-A547-CA7A701ED547}.Release|Any CPU.ActiveCfg = Release|Any CPU
		{A0AC06E4-1DE4-438E-A547-CA7A701ED547}.Release|Any CPU.Build.0 = Release|Any CPU
	EndGlobalSection
	GlobalSection(SolutionProperties) = preSolution
		HideSolutionNode = FALSE
	EndGlobalSection
	GlobalSection(ExtensibilityGlobals) = postSolution
		SolutionGuid = {0B5FED86-E26A-4BCB-B9F6-DBF49F4F87C3}
	EndGlobalSection
EndGlobal
